// !$*UTF8*$!
{
	archiveVersion = 1;
	classes = {
	};
	objectVersion = 46;
	objects = {

/* Begin PBXBuildFile section */
		1881F2291CB3C2FF00F19B74 /* AppDelegate.swift in Sources */ = {isa = PBXBuildFile; fileRef = 1881F2281CB3C2FF00F19B74 /* AppDelegate.swift */; };
		1881F22B1CB3C2FF00F19B74 /* ViewController.swift in Sources */ = {isa = PBXBuildFile; fileRef = 1881F22A1CB3C2FF00F19B74 /* ViewController.swift */; };
		1881F22E1CB3C2FF00F19B74 /* Main.storyboard in Resources */ = {isa = PBXBuildFile; fileRef = 1881F22C1CB3C2FF00F19B74 /* Main.storyboard */; };
		1881F2311CB3C2FF00F19B74 /* testProject.xcdatamodeld in Sources */ = {isa = PBXBuildFile; fileRef = 1881F22F1CB3C2FF00F19B74 /* testProject.xcdatamodeld */; };
		1881F2331CB3C2FF00F19B74 /* Assets.xcassets in Resources */ = {isa = PBXBuildFile; fileRef = 1881F2321CB3C2FF00F19B74 /* Assets.xcassets */; };
		1881F2361CB3C2FF00F19B74 /* LaunchScreen.storyboard in Resources */ = {isa = PBXBuildFile; fileRef = 1881F2341CB3C2FF00F19B74 /* LaunchScreen.storyboard */; };
		1881F2411CB3C2FF00F19B74 /* testProjectTests.swift in Sources */ = {isa = PBXBuildFile; fileRef = 1881F2401CB3C2FF00F19B74 /* testProjectTests.swift */; };
		1881F24C1CB3C2FF00F19B74 /* testProjectUITests.swift in Sources */ = {isa = PBXBuildFile; fileRef = 1881F24B1CB3C2FF00F19B74 /* testProjectUITests.swift */; };
/* End PBXBuildFile section */

/* Begin PBXContainerItemProxy section */
		1881F23D1CB3C2FF00F19B74 /* PBXContainerItemProxy */ = {
			isa = PBXContainerItemProxy;
			containerPortal = 1881F21D1CB3C2FF00F19B74 /* Project object */;
			proxyType = 1;
			remoteGlobalIDString = 1881F2241CB3C2FF00F19B74;
			remoteInfo = testProject;
		};
		1881F2481CB3C2FF00F19B74 /* PBXContainerItemProxy */ = {
			isa = PBXContainerItemProxy;
			containerPortal = 1881F21D1CB3C2FF00F19B74 /* Project object */;
			proxyType = 1;
			remoteGlobalIDString = 1881F2241CB3C2FF00F19B74;
			remoteInfo = testProject;
		};
/* End PBXContainerItemProxy section */

/* Begin PBXFileReference section */
		1881F2251CB3C2FF00F19B74 /* testProject.app */ = {isa = PBXFileReference; explicitFileType = wrapper.application; includeInIndex = 0; path = testProject.app; sourceTree = BUILT_PRODUCTS_DIR; };
		1881F2281CB3C2FF00F19B74 /* AppDelegate.swift */ = {isa = PBXFileReference; lastKnownFileType = sourcecode.swift; path = AppDelegate.swift; sourceTree = "<group>"; };
		1881F22A1CB3C2FF00F19B74 /* ViewController.swift */ = {isa = PBXFileReference; lastKnownFileType = sourcecode.swift; path = ViewController.swift; sourceTree = "<group>"; };
		1881F22D1CB3C2FF00F19B74 /* Base */ = {isa = PBXFileReference; lastKnownFileType = file.storyboard; name = Base; path = Base.lproj/Main.storyboard; sourceTree = "<group>"; };
		1881F2301CB3C2FF00F19B74 /* testProject.xcdatamodel */ = {isa = PBXFileReference; lastKnownFileType = wrapper.xcdatamodel; path = testProject.xcdatamodel; sourceTree = "<group>"; };
		1881F2321CB3C2FF00F19B74 /* Assets.xcassets */ = {isa = PBXFileReference; lastKnownFileType = folder.assetcatalog; path = Assets.xcassets; sourceTree = "<group>"; };
		1881F2351CB3C2FF00F19B74 /* Base */ = {isa = PBXFileReference; lastKnownFileType = file.storyboard; name = Base; path = Base.lproj/LaunchScreen.storyboard; sourceTree = "<group>"; };
		1881F2371CB3C2FF00F19B74 /* Info.plist */ = {isa = PBXFileReference; lastKnownFileType = text.plist.xml; path = Info.plist; sourceTree = "<group>"; };
		1881F23C1CB3C2FF00F19B74 /* testProjectTests.xctest */ = {isa = PBXFileReference; explicitFileType = wrapper.cfbundle; includeInIndex = 0; path = testProjectTests.xctest; sourceTree = BUILT_PRODUCTS_DIR; };
		1881F2401CB3C2FF00F19B74 /* testProjectTests.swift */ = {isa = PBXFileReference; lastKnownFileType = sourcecode.swift; path = testProjectTests.swift; sourceTree = "<group>"; };
		1881F2421CB3C2FF00F19B74 /* Info.plist */ = {isa = PBXFileReference; lastKnownFileType = text.plist.xml; path = Info.plist; sourceTree = "<group>"; };
		1881F2471CB3C2FF00F19B74 /* testProjectUITests.xctest */ = {isa = PBXFileReference; explicitFileType = wrapper.cfbundle; includeInIndex = 0; path = testProjectUITests.xctest; sourceTree = BUILT_PRODUCTS_DIR; };
		1881F24B1CB3C2FF00F19B74 /* testProjectUITests.swift */ = {isa = PBXFileReference; lastKnownFileType = sourcecode.swift; path = testProjectUITests.swift; sourceTree = "<group>"; };
		1881F24D1CB3C2FF00F19B74 /* Info.plist */ = {isa = PBXFileReference; lastKnownFileType = text.plist.xml; path = Info.plist; sourceTree = "<group>"; };
/* End PBXFileReference section */

/* Begin PBXFrameworksBuildPhase section */
		1881F2221CB3C2FF00F19B74 /* Frameworks */ = {
			isa = PBXFrameworksBuildPhase;
			buildActionMask = 2147483647;
			files = (
			);
			runOnlyForDeploymentPostprocessing = 0;
		};
		1881F2391CB3C2FF00F19B74 /* Frameworks */ = {
			isa = PBXFrameworksBuildPhase;
			buildActionMask = 2147483647;
			files = (
			);
			runOnlyForDeploymentPostprocessing = 0;
		};
		1881F2441CB3C2FF00F19B74 /* Frameworks */ = {
			isa = PBXFrameworksBuildPhase;
			buildActionMask = 2147483647;
			files = (
			);
			runOnlyForDeploymentPostprocessing = 0;
		};
/* End PBXFrameworksBuildPhase section */

/* Begin PBXGroup section */
		1881F21C1CB3C2FF00F19B74 = {
			isa = PBXGroup;
			children = (
				1881F2271CB3C2FF00F19B74 /* testProject */,
				1881F23F1CB3C2FF00F19B74 /* testProjectTests */,
				1881F24A1CB3C2FF00F19B74 /* testProjectUITests */,
				1881F2261CB3C2FF00F19B74 /* Products */,
			);
			sourceTree = "<group>";
		};
		1881F2261CB3C2FF00F19B74 /* Products */ = {
			isa = PBXGroup;
			children = (
				1881F2251CB3C2FF00F19B74 /* testProject.app */,
				1881F23C1CB3C2FF00F19B74 /* testProjectTests.xctest */,
				1881F2471CB3C2FF00F19B74 /* testProjectUITests.xctest */,
			);
			name = Products;
			sourceTree = "<group>";
		};
		1881F2271CB3C2FF00F19B74 /* testProject */ = {
			isa = PBXGroup;
			children = (
				1881F2281CB3C2FF00F19B74 /* AppDelegate.swift */,
				1881F22A1CB3C2FF00F19B74 /* ViewController.swift */,
				1881F22C1CB3C2FF00F19B74 /* Main.storyboard */,
				1881F2321CB3C2FF00F19B74 /* Assets.xcassets */,
				1881F2341CB3C2FF00F19B74 /* LaunchScreen.storyboard */,
				1881F2371CB3C2FF00F19B74 /* Info.plist */,
				1881F22F1CB3C2FF00F19B74 /* testProject.xcdatamodeld */,
			);
			path = testProject;
			sourceTree = "<group>";
		};
		1881F23F1CB3C2FF00F19B74 /* testProjectTests */ = {
			isa = PBXGroup;
			children = (
				1881F2401CB3C2FF00F19B74 /* testProjectTests.swift */,
				1881F2421CB3C2FF00F19B74 /* Info.plist */,
			);
			path = testProjectTests;
			sourceTree = "<group>";
		};
		1881F24A1CB3C2FF00F19B74 /* testProjectUITests */ = {
			isa = PBXGroup;
			children = (
				1881F24B1CB3C2FF00F19B74 /* testProjectUITests.swift */,
				1881F24D1CB3C2FF00F19B74 /* Info.plist */,
			);
			path = testProjectUITests;
			sourceTree = "<group>";
		};
/* End PBXGroup section */

/* Begin PBXNativeTarget section */
		1881F2241CB3C2FF00F19B74 /* testProject */ = {
			isa = PBXNativeTarget;
			buildConfigurationList = 1881F2501CB3C2FF00F19B74 /* Build configuration list for PBXNativeTarget "testProject" */;
			buildPhases = (
				1881F2211CB3C2FF00F19B74 /* Sources */,
				1881F2221CB3C2FF00F19B74 /* Frameworks */,
				1881F2231CB3C2FF00F19B74 /* Resources */,
			);
			buildRules = (
			);
			dependencies = (
			);
			name = testProject;
			productName = testProject;
			productReference = 1881F2251CB3C2FF00F19B74 /* testProject.app */;
			productType = "com.apple.product-type.application";
		};
		1881F23B1CB3C2FF00F19B74 /* testProjectTests */ = {
			isa = PBXNativeTarget;
			buildConfigurationList = 1881F2531CB3C2FF00F19B74 /* Build configuration list for PBXNativeTarget "testProjectTests" */;
			buildPhases = (
				1881F2381CB3C2FF00F19B74 /* Sources */,
				1881F2391CB3C2FF00F19B74 /* Frameworks */,
				1881F23A1CB3C2FF00F19B74 /* Resources */,
			);
			buildRules = (
			);
			dependencies = (
				1881F23E1CB3C2FF00F19B74 /* PBXTargetDependency */,
			);
			name = testProjectTests;
			productName = testProjectTests;
			productReference = 1881F23C1CB3C2FF00F19B74 /* testProjectTests.xctest */;
			productType = "com.apple.product-type.bundle.unit-test";
		};
		1881F2461CB3C2FF00F19B74 /* testProjectUITests */ = {
			isa = PBXNativeTarget;
			buildConfigurationList = 1881F2561CB3C2FF00F19B74 /* Build configuration list for PBXNativeTarget "testProjectUITests" */;
			buildPhases = (
				1881F2431CB3C2FF00F19B74 /* Sources */,
				1881F2441CB3C2FF00F19B74 /* Frameworks */,
				1881F2451CB3C2FF00F19B74 /* Resources */,
			);
			buildRules = (
			);
			dependencies = (
				1881F2491CB3C2FF00F19B74 /* PBXTargetDependency */,
			);
			name = testProjectUITests;
			productName = testProjectUITests;
			productReference = 1881F2471CB3C2FF00F19B74 /* testProjectUITests.xctest */;
			productType = "com.apple.product-type.bundle.ui-testing";
		};
/* End PBXNativeTarget section */

/* Begin PBXProject section */
		1881F21D1CB3C2FF00F19B74 /* Project object */ = {
			isa = PBXProject;
			attributes = {
				LastSwiftUpdateCheck = 0730;
				LastUpgradeCheck = 0730;
				ORGANIZATIONNAME = "Abid Ali";
				TargetAttributes = {
					1881F2241CB3C2FF00F19B74 = {
						CreatedOnToolsVersion = 7.3;
					};
					1881F23B1CB3C2FF00F19B74 = {
						CreatedOnToolsVersion = 7.3;
						TestTargetID = 1881F2241CB3C2FF00F19B74;
					};
					1881F2461CB3C2FF00F19B74 = {
						CreatedOnToolsVersion = 7.3;
						TestTargetID = 1881F2241CB3C2FF00F19B74;
					};
				};
			};
			buildConfigurationList = 1881F2201CB3C2FF00F19B74 /* Build configuration list for PBXProject "testProject" */;
			compatibilityVersion = "Xcode 3.2";
			developmentRegion = English;
			hasScannedForEncodings = 0;
			knownRegions = (
				en,
				Base,
			);
			mainGroup = 1881F21C1CB3C2FF00F19B74;
			productRefGroup = 1881F2261CB3C2FF00F19B74 /* Products */;
			projectDirPath = "";
			projectRoot = "";
			targets = (
				1881F2241CB3C2FF00F19B74 /* testProject */,
				1881F23B1CB3C2FF00F19B74 /* testProjectTests */,
				1881F2461CB3C2FF00F19B74 /* testProjectUITests */,
			);
		};
/* End PBXProject section */

/* Begin PBXResourcesBuildPhase section */
		1881F2231CB3C2FF00F19B74 /* Resources */ = {
			isa = PBXResourcesBuildPhase;
			buildActionMask = 2147483647;
			files = (
				1881F2361CB3C2FF00F19B74 /* LaunchScreen.storyboard in Resources */,
				1881F2331CB3C2FF00F19B74 /* Assets.xcassets in Resources */,
				1881F22E1CB3C2FF00F19B74 /* Main.storyboard in Resources */,
			);
			runOnlyForDeploymentPostprocessing = 0;
		};
		1881F23A1CB3C2FF00F19B74 /* Resources */ = {
			isa = PBXResourcesBuildPhase;
			buildActionMask = 2147483647;
			files = (
			);
			runOnlyForDeploymentPostprocessing = 0;
		};
		1881F2451CB3C2FF00F19B74 /* Resources */ = {
			isa = PBXResourcesBuildPhase;
			buildActionMask = 2147483647;
			files = (
			);
			runOnlyForDeploymentPostprocessing = 0;
		};
/* End PBXResourcesBuildPhase section */

/* Begin PBXSourcesBuildPhase section */
		1881F2211CB3C2FF00F19B74 /* Sources */ = {
			isa = PBXSourcesBuildPhase;
			buildActionMask = 2147483647;
			files = (
				1881F2311CB3C2FF00F19B74 /* testProject.xcdatamodeld in Sources */,
				1881F22B1CB3C2FF00F19B74 /* ViewController.swift in Sources */,
				1881F2291CB3C2FF00F19B74 /* AppDelegate.swift in Sources */,
			);
			runOnlyForDeploymentPostprocessing = 0;
		};
		1881F2381CB3C2FF00F19B74 /* Sources */ = {
			isa = PBXSourcesBuildPhase;
			buildActionMask = 2147483647;
			files = (
				1881F2411CB3C2FF00F19B74 /* testProjectTests.swift in Sources */,
			);
			runOnlyForDeploymentPostprocessing = 0;
		};
		1881F2431CB3C2FF00F19B74 /* Sources */ = {
			isa = PBXSourcesBuildPhase;
			buildActionMask = 2147483647;
			files = (
				1881F24C1CB3C2FF00F19B74 /* testProjectUITests.swift in Sources */,
			);
			runOnlyForDeploymentPostprocessing = 0;
		};
/* End PBXSourcesBuildPhase section */

/* Begin PBXTargetDependency section */
		1881F23E1CB3C2FF00F19B74 /* PBXTargetDependency */ = {
			isa = PBXTargetDependency;
			target = 1881F2241CB3C2FF00F19B74 /* testProject */;
			targetProxy = 1881F23D1CB3C2FF00F19B74 /* PBXContainerItemProxy */;
		};
		1881F2491CB3C2FF00F19B74 /* PBXTargetDependency */ = {
			isa = PBXTargetDependency;
			target = 1881F2241CB3C2FF00F19B74 /* testProject */;
			targetProxy = 1881F2481CB3C2FF00F19B74 /* PBXContainerItemProxy */;
		};
/* End PBXTargetDependency section */

/* Begin PBXVariantGroup section */
		1881F22C1CB3C2FF00F19B74 /* Main.storyboard */ = {
			isa = PBXVariantGroup;
			children = (
				1881F22D1CB3C2FF00F19B74 /* Base */,
			);
			name = Main.storyboard;
			sourceTree = "<group>";
		};
		1881F2341CB3C2FF00F19B74 /* LaunchScreen.storyboard */ = {
			isa = PBXVariantGroup;
			children = (
				1881F2351CB3C2FF00F19B74 /* Base */,
			);
			name = LaunchScreen.storyboard;
			sourceTree = "<group>";
		};
/* End PBXVariantGroup section */

/* Begin XCBuildConfiguration section */
		1881F24E1CB3C2FF00F19B74 /* Debug */ = {
			isa = XCBuildConfiguration;
			buildSettings = {
				ALWAYS_SEARCH_USER_PATHS = NO;
				CLANG_ANALYZER_NONNULL = YES;
				CLANG_CXX_LANGUAGE_STANDARD = "gnu++0x";
				CLANG_CXX_LIBRARY = "libc++";
				CLANG_ENABLE_MODULES = YES;
				CLANG_ENABLE_OBJC_ARC = YES;
				CLANG_WARN_BOOL_CONVERSION = YES;
				CLANG_WARN_CONSTANT_CONVERSION = YES;
				CLANG_WARN_DIRECT_OBJC_ISA_USAGE = YES_ERROR;
				CLANG_WARN_EMPTY_BODY = YES;
				CLANG_WARN_ENUM_CONVERSION = YES;
				CLANG_WARN_INT_CONVERSION = YES;
				CLANG_WARN_OBJC_ROOT_CLASS = YES_ERROR;
				CLANG_WARN_UNREACHABLE_CODE = YES;
				CLANG_WARN__DUPLICATE_METHOD_MATCH = YES;
				"CODE_SIGN_IDENTITY[sdk=iphoneos*]" = "iPhone Developer";
				COPY_PHASE_STRIP = NO;
				DEBUG_INFORMATION_FORMAT = dwarf;
				ENABLE_STRICT_OBJC_MSGSEND = YES;
				ENABLE_TESTABILITY = YES;
				GCC_C_LANGUAGE_STANDARD = gnu99;
				GCC_DYNAMIC_NO_PIC = NO;
				GCC_NO_COMMON_BLOCKS = YES;
				GCC_OPTIMIZATION_LEVEL = 0;
				GCC_PREPROCESSOR_DEFINITIONS = (
					"DEBUG=1",
					"$(inherited)",
				);
				GCC_WARN_64_TO_32_BIT_CONVERSION = YES;
				GCC_WARN_ABOUT_RETURN_TYPE = YES_ERROR;
				GCC_WARN_UNDECLARED_SELECTOR = YES;
				GCC_WARN_UNINITIALIZED_AUTOS = YES_AGGRESSIVE;
				GCC_WARN_UNUSED_FUNCTION = YES;
				GCC_WARN_UNUSED_VARIABLE = YES;
				IPHONEOS_DEPLOYMENT_TARGET = 9.3;
				MTL_ENABLE_DEBUG_INFO = YES;
				ONLY_ACTIVE_ARCH = YES;
				SDKROOT = iphoneos;
				SWIFT_OPTIMIZATION_LEVEL = "-Onone";
				TARGETED_DEVICE_FAMILY = "1,2";
			};
			name = Debug;
		};
		1881F24F1CB3C2FF00F19B74 /* Release */ = {
			isa = XCBuildConfiguration;
			buildSettings = {
				ALWAYS_SEARCH_USER_PATHS = NO;
				CLANG_ANALYZER_NONNULL = YES;
				CLANG_CXX_LANGUAGE_STANDARD = "gnu++0x";
				CLANG_CXX_LIBRARY = "libc++";
				CLANG_ENABLE_MODULES = YES;
				CLANG_ENABLE_OBJC_ARC = YES;
				CLANG_WARN_BOOL_CONVERSION = YES;
				CLANG_WARN_CONSTANT_CONVERSION = YES;
				CLANG_WARN_DIRECT_OBJC_ISA_USAGE = YES_ERROR;
				CLANG_WARN_EMPTY_BODY = YES;
				CLANG_WARN_ENUM_CONVERSION = YES;
				CLANG_WARN_INT_CONVERSION = YES;
				CLANG_WARN_OBJC_ROOT_CLASS = YES_ERROR;
				CLANG_WARN_UNREACHABLE_CODE = YES;
				CLANG_WARN__DUPLICATE_METHOD_MATCH = YES;
				"CODE_SIGN_IDENTITY[sdk=iphoneos*]" = "iPhone Developer";
				COPY_PHASE_STRIP = NO;
				DEBUG_INFORMATION_FORMAT = "dwarf-with-dsym";
				ENABLE_NS_ASSERTIONS = NO;
				ENABLE_STRICT_OBJC_MSGSEND = YES;
				GCC_C_LANGUAGE_STANDARD = gnu99;
				GCC_NO_COMMON_BLOCKS = YES;
				GCC_WARN_64_TO_32_BIT_CONVERSION = YES;
				GCC_WARN_ABOUT_RETURN_TYPE = YES_ERROR;
				GCC_WARN_UNDECLARED_SELECTOR = YES;
				GCC_WARN_UNINITIALIZED_AUTOS = YES_AGGRESSIVE;
				GCC_WARN_UNUSED_FUNCTION = YES;
				GCC_WARN_UNUSED_VARIABLE = YES;
				IPHONEOS_DEPLOYMENT_TARGET = 9.3;
				MTL_ENABLE_DEBUG_INFO = NO;
				SDKROOT = iphoneos;
				TARGETED_DEVICE_FAMILY = "1,2";
				VALIDATE_PRODUCT = YES;
			};
			name = Release;
		};
		1881F2511CB3C2FF00F19B74 /* Debug */ = {
			isa = XCBuildConfiguration;
			buildSettings = {
				ASSETCATALOG_COMPILER_APPICON_NAME = AppIcon;
				INFOPLIST_FILE = testProject/Info.plist;
				LD_RUNPATH_SEARCH_PATHS = "$(inherited) @executable_path/Frameworks";
				PRODUCT_BUNDLE_IDENTIFIER = com.abid.africmusic.testProject;
				PRODUCT_NAME = "$(TARGET_NAME)";
			};
			name = Debug;
		};
		1881F2521CB3C2FF00F19B74 /* Release */ = {
			isa = XCBuildConfiguration;
			buildSettings = {
				ASSETCATALOG_COMPILER_APPICON_NAME = AppIcon;
				INFOPLIST_FILE = testProject/Info.plist;
				LD_RUNPATH_SEARCH_PATHS = "$(inherited) @executable_path/Frameworks";
				PRODUCT_BUNDLE_IDENTIFIER = com.abid.africmusic.testProject;
				PRODUCT_NAME = "$(TARGET_NAME)";
			};
			name = Release;
		};
		1881F2541CB3C2FF00F19B74 /* Debug */ = {
			isa = XCBuildConfiguration;
			buildSettings = {
				BUNDLE_LOADER = "$(TEST_HOST)";
				INFOPLIST_FILE = testProjectTests/Info.plist;
				LD_RUNPATH_SEARCH_PATHS = "$(inherited) @executable_path/Frameworks @loader_path/Frameworks";
				PRODUCT_BUNDLE_IDENTIFIER = com.abid.africmusic.testProjectTests;
				PRODUCT_NAME = "$(TARGET_NAME)";
				TEST_HOST = "$(BUILT_PRODUCTS_DIR)/testProject.app/testProject";
			};
			name = Debug;
		};
		1881F2551CB3C2FF00F19B74 /* Release */ = {
			isa = XCBuildConfiguration;
			buildSettings = {
				BUNDLE_LOADER = "$(TEST_HOST)";
				INFOPLIST_FILE = testProjectTests/Info.plist;
				LD_RUNPATH_SEARCH_PATHS = "$(inherited) @executable_path/Frameworks @loader_path/Frameworks";
				PRODUCT_BUNDLE_IDENTIFIER = com.abid.africmusic.testProjectTests;
				PRODUCT_NAME = "$(TARGET_NAME)";
				TEST_HOST = "$(BUILT_PRODUCTS_DIR)/testProject.app/testProject";
			};
			name = Release;
		};
		1881F2571CB3C2FF00F19B74 /* Debug */ = {
			isa = XCBuildConfiguration;
			buildSettings = {
				INFOPLIST_FILE = testProjectUITests/Info.plist;
				LD_RUNPATH_SEARCH_PATHS = "$(inherited) @executable_path/Frameworks @loader_path/Frameworks";
				PRODUCT_BUNDLE_IDENTIFIER = com.abid.africmusic.testProjectUITests;
				PRODUCT_NAME = "$(TARGET_NAME)";
				TEST_TARGET_NAME = testProject;
			};
			name = Debug;
		};
		1881F2581CB3C2FF00F19B74 /* Release */ = {
			isa = XCBuildConfiguration;
			buildSettings = {
				INFOPLIST_FILE = testProjectUITests/Info.plist;
				LD_RUNPATH_SEARCH_PATHS = "$(inherited) @executable_path/Frameworks @loader_path/Frameworks";
				PRODUCT_BUNDLE_IDENTIFIER = com.abid.africmusic.testProjectUITests;
				PRODUCT_NAME = "$(TARGET_NAME)";
				TEST_TARGET_NAME = testProject;
			};
			name = Release;
		};
/* End XCBuildConfiguration section */

/* Begin XCConfigurationList section */
		1881F2201CB3C2FF00F19B74 /* Build configuration list for PBXProject "testProject" */ = {
			isa = XCConfigurationList;
			buildConfigurations = (
				1881F24E1CB3C2FF00F19B74 /* Debug */,
				1881F24F1CB3C2FF00F19B74 /* Release */,
			);
			defaultConfigurationIsVisible = 0;
			defaultConfigurationName = Release;
		};
		1881F2501CB3C2FF00F19B74 /* Build configuration list for PBXNativeTarget "testProject" */ = {
			isa = XCConfigurationList;
			buildConfigurations = (
				1881F2511CB3C2FF00F19B74 /* Debug */,
				1881F2521CB3C2FF00F19B74 /* Release */,
			);
			defaultConfigurationIsVisible = 0;
		};
		1881F2531CB3C2FF00F19B74 /* Build configuration list for PBXNativeTarget "testProjectTests" */ = {
			isa = XCConfigurationList;
			buildConfigurations = (
				1881F2541CB3C2FF00F19B74 /* Debug */,
				1881F2551CB3C2FF00F19B74 /* Release */,
			);
			defaultConfigurationIsVisible = 0;
		};
		1881F2561CB3C2FF00F19B74 /* Build configuration list for PBXNativeTarget "testProjectUITests" */ = {
			isa = XCConfigurationList;
			buildConfigurations = (
				1881F2571CB3C2FF00F19B74 /* Debug */,
				1881F2581CB3C2FF00F19B74 /* Release */,
			);
			defaultConfigurationIsVisible = 0;
		};
/* End XCConfigurationList section */

/* Begin XCVersionGroup section */
		1881F22F1CB3C2FF00F19B74 /* testProject.xcdatamodeld */ = {
			isa = XCVersionGroup;
			children = (
				1881F2301CB3C2FF00F19B74 /* testProject.xcdatamodel */,
			);
			currentVersion = 1881F2301CB3C2FF00F19B74 /* testProject.xcdatamodel */;
			path = testProject.xcdatamodeld;
			sourceTree = "<group>";
			versionGroupType = wrapper.xcdatamodel;
		};
/* End XCVersionGroup section */
	};
	rootObject = 1881F21D1CB3C2FF00F19B74 /* Project object */;
}
